Microsoft Visual Studio Solution File, Format Version 12.00
# Visual Studio Version 17
VisualStudioVersion = 17.0.31903.59
MinimumVisualStudioVersion = 10.0.40219.1
Project("{F2A71F9B-5D33-465A-A702-920D77279786}") = "Aochelper", "Aochelper\Aochelper.fsproj", "{C730D3F9-60EC-4D00-9F46-E4447FEEF5FF}"
EndProject
Project("{F2A71F9B-5D33-465A-A702-920D77279786}") = "day01", "day01\day01.fsproj", "{11235086-39EA-4AF5-99DC-EAA075ADD66E}"
EndProject
Project("{F2A71F9B-5D33-465A-A702-920D77279786}") = "day02", "day02\day02.fsproj", "{D9ED9F5A-2BA3-48C3-ADCD-D3AAD20274DD}"
EndProject
Project("{F2A71F9B-5D33-465A-A702-920D77279786}") = "day03", "day03\day03.fsproj", "{01DD02A7-202B-4CB2-9E42-A8EA33BFE853}"
EndProject
Global
	GlobalSection(SolutionConfigurationPlatforms) = preSolution
		Debug|Any CPU = Debug|Any CPU
		Release|Any CPU = Release|Any CPU
	EndGlobalSection
	GlobalSection(SolutionProperties) = preSolution
		HideSolutionNode = FALSE
	EndGlobalSection
	GlobalSection(ProjectConfigurationPlatforms) = postSolution
		{C730D3F9-60EC-4D00-9F46-E4447FEEF5FF}.Debug|Any CPU.ActiveCfg = Debug|Any CPU
		{C730D3F9-60EC-4D00-9F46-E4447FEEF5FF}.Debug|Any CPU.Build.0 = Debug|Any CPU
		{C730D3F9-60EC-4D00-9F46-E4447FEEF5FF}.Release|Any CPU.ActiveCfg = Release|Any CPU
		{C730D3F9-60EC-4D00-9F46-E4447FEEF5FF}.Release|Any CPU.Build.0 = Release|Any CPU
		{11235086-39EA-4AF5-99DC-EAA075ADD66E}.Debug|Any CPU.ActiveCfg = Debug|Any CPU
		{11235086-39EA-4AF5-99DC-EAA075ADD66E}.Debug|Any CPU.Build.0 = Debug|Any CPU
		{11235086-39EA-4AF5-99DC-EAA075ADD66E}.Release|Any CPU.ActiveCfg = Release|Any CPU
		{11235086-39EA-4AF5-99DC-EAA075ADD66E}.Release|Any CPU.Build.0 = Release|Any CPU
		{D9ED9F5A-2BA3-48C3-ADCD-D3AAD20274DD}.Debug|Any CPU.ActiveCfg = Debug|Any CPU
		{D9ED9F5A-2BA3-48C3-ADCD-D3AAD20274DD}.Debug|Any CPU.Build.0 = Debug|Any CPU
		{D9ED9F5A-2BA3-48C3-ADCD-D3AAD20274DD}.Release|Any CPU.ActiveCfg = Release|Any CPU
		{D9ED9F5A-2BA3-48C3-ADCD-D3AAD20274DD}.Release|Any CPU.Build.0 = Release|Any CPU
		{01DD02A7-202B-4CB2-9E42-A8EA33BFE853}.Debug|Any CPU.ActiveCfg = Debug|Any CPU
		{01DD02A7-202B-4CB2-9E42-A8EA33BFE853}.Debug|Any CPU.Build.0 = Debug|Any CPU
		{01DD02A7-202B-4CB2-9E42-A8EA33BFE853}.Release|Any CPU.ActiveCfg = Release|Any CPU
		{01DD02A7-202B-4CB2-9E42-A8EA33BFE853}.Release|Any CPU.Build.0 = Release|Any CPU
	EndGlobalSection
EndGlobal
